Microsoft Visual Studio Solution File, Format Version 12.00
# Visual Studio 2012
Project("{FAE04EC0-301F-11D3-BF4B-00C04F79EFBC}") = "Godot Tuto", "Godot Tuto.csproj", "{134F89E6-2459-4181-85F5-9FB83C8EC5CA}"
EndProject
Global
	GlobalSection(SolutionConfigurationPlatforms) = preSolution
	Debug|Any CPU = Debug|Any CPU
	ExportDebug|Any CPU = ExportDebug|Any CPU
	ExportRelease|Any CPU = ExportRelease|Any CPU
	EndGlobalSection
	GlobalSection(ProjectConfigurationPlatforms) = postSolution
		{134F89E6-2459-4181-85F5-9FB83C8EC5CA}.Debug|Any CPU.ActiveCfg = Debug|Any CPU
		{134F89E6-2459-4181-85F5-9FB83C8EC5CA}.Debug|Any CPU.Build.0 = Debug|Any CPU
		{134F89E6-2459-4181-85F5-9FB83C8EC5CA}.ExportDebug|Any CPU.ActiveCfg = ExportDebug|Any CPU
		{134F89E6-2459-4181-85F5-9FB83C8EC5CA}.ExportDebug|Any CPU.Build.0 = ExportDebug|Any CPU
		{134F89E6-2459-4181-85F5-9FB83C8EC5CA}.ExportRelease|Any CPU.ActiveCfg = ExportRelease|Any CPU
		{134F89E6-2459-4181-85F5-9FB83C8EC5CA}.ExportRelease|Any CPU.Build.0 = ExportRelease|Any CPU
	EndGlobalSection
EndGlobal
